// !$*UTF8*$!
{
	archiveVersion = 1;
	classes = {
	};
	objectVersion = 56;
	objects = {

/* Begin PBXBuildFile section */
		6742BDC8290BED2300348276 /* MainCollectionViewCell.swift in Sources */ = {isa = PBXBuildFile; fileRef = 6742BDC7290BED2300348276 /* MainCollectionViewCell.swift */; };
		6742BDCB290BF67C00348276 /* Kingfisher in Frameworks */ = {isa = PBXBuildFile; productRef = 6742BDCA290BF67C00348276 /* Kingfisher */; };
		6742BDCF290D5CC400348276 /* RowDictionary.swift in Sources */ = {isa = PBXBuildFile; fileRef = 6742BDCE290D5CC400348276 /* RowDictionary.swift */; };
		6742BDD2290D6A3B00348276 /* DetailViewController.swift in Sources */ = {isa = PBXBuildFile; fileRef = 6742BDD1290D6A3B00348276 /* DetailViewController.swift */; };
		6742BDD4290D6A7F00348276 /* DetailView.swift in Sources */ = {isa = PBXBuildFile; fileRef = 6742BDD3290D6A7E00348276 /* DetailView.swift */; };
		6742BDD6290D6BA800348276 /* StretchyTableHeaderView.swift in Sources */ = {isa = PBXBuildFile; fileRef = 6742BDD5290D6BA800348276 /* StretchyTableHeaderView.swift */; };
		6742BDD9290D71F400348276 /* Transition+.swift in Sources */ = {isa = PBXBuildFile; fileRef = 6742BDD8290D71F400348276 /* Transition+.swift */; };
		6742BDDB290E889D00348276 /* DetailViewModel.swift in Sources */ = {isa = PBXBuildFile; fileRef = 6742BDDA290E889D00348276 /* DetailViewModel.swift */; };
		6742BDDD290E8AD100348276 /* SectionCookInfo.swift in Sources */ = {isa = PBXBuildFile; fileRef = 6742BDDC290E8AD100348276 /* SectionCookInfo.swift */; };
		6742BDE5290EBA0100348276 /* RxDataSources in Frameworks */ = {isa = PBXBuildFile; productRef = 6742BDE4290EBA0100348276 /* RxDataSources */; };
		6742BDE7290EBC2B00348276 /* CookInfoCollectionViewCell.swift in Sources */ = {isa = PBXBuildFile; fileRef = 6742BDE6290EBC2B00348276 /* CookInfoCollectionViewCell.swift */; };
		6742BDEC290ECCA500348276 /* RxCocoa in Frameworks */ = {isa = PBXBuildFile; productRef = 6742BDEB290ECCA500348276 /* RxCocoa */; };
		6742BDEE290ECCA500348276 /* RxSwift in Frameworks */ = {isa = PBXBuildFile; productRef = 6742BDED290ECCA500348276 /* RxSwift */; };
		6742BDF0290EDB3400348276 /* CookIngredientTableViewCell.swift in Sources */ = {isa = PBXBuildFile; fileRef = 6742BDEF290EDB3400348276 /* CookIngredientTableViewCell.swift */; };
		6742BDF3290EDBE500348276 /* ReuesableProtocol.swift in Sources */ = {isa = PBXBuildFile; fileRef = 6742BDF2290EDBE500348276 /* ReuesableProtocol.swift */; };
		6742BDF5290F353F00348276 /* RecipeTableViewCell.swift in Sources */ = {isa = PBXBuildFile; fileRef = 6742BDF4290F353F00348276 /* RecipeTableViewCell.swift */; };
		6742BE02290F82BE00348276 /* DetailTableViewSection.swift in Sources */ = {isa = PBXBuildFile; fileRef = 6742BE01290F82BE00348276 /* DetailTableViewSection.swift */; };
		67EEB5BB2901403000450770 /* AppDelegate.swift in Sources */ = {isa = PBXBuildFile; fileRef = 67EEB5BA2901403000450770 /* AppDelegate.swift */; };
		67EEB5BD2901403000450770 /* SceneDelegate.swift in Sources */ = {isa = PBXBuildFile; fileRef = 67EEB5BC2901403000450770 /* SceneDelegate.swift */; };
		67EEB5C22901403000450770 /* Main.storyboard in Resources */ = {isa = PBXBuildFile; fileRef = 67EEB5C02901403000450770 /* Main.storyboard */; };
		67EEB5C42901403100450770 /* Assets.xcassets in Resources */ = {isa = PBXBuildFile; fileRef = 67EEB5C32901403100450770 /* Assets.xcassets */; };
		67EEB5C72901403100450770 /* LaunchScreen.storyboard in Resources */ = {isa = PBXBuildFile; fileRef = 67EEB5C52901403100450770 /* LaunchScreen.storyboard */; };
		67EEB5D2290142B500450770 /* MainViewController.swift in Sources */ = {isa = PBXBuildFile; fileRef = 67EEB5D1290142B500450770 /* MainViewController.swift */; };
		67EEB5D42901444900450770 /* MainView.swift in Sources */ = {isa = PBXBuildFile; fileRef = 67EEB5D32901444900450770 /* MainView.swift */; };
		67EEB5D72901446C00450770 /* SnapKit in Frameworks */ = {isa = PBXBuildFile; productRef = 67EEB5D62901446C00450770 /* SnapKit */; };
		67EEB5DD29015A6B00450770 /* APIKey.swift in Sources */ = {isa = PBXBuildFile; fileRef = 67EEB5DC29015A6B00450770 /* APIKey.swift */; };
		67EEB5DF29017DE300450770 /* APIManager.swift in Sources */ = {isa = PBXBuildFile; fileRef = 67EEB5DE29017DE300450770 /* APIManager.swift */; };
		67EEB5E129018E0200450770 /* APIError.swift in Sources */ = {isa = PBXBuildFile; fileRef = 67EEB5E029018E0200450770 /* APIError.swift */; };
		67EEB5E42901959600450770 /* CookRecipe.swift in Sources */ = {isa = PBXBuildFile; fileRef = 67EEB5E32901959600450770 /* CookRecipe.swift */; };
		67EEB5E7290199FF00450770 /* Observable.swift in Sources */ = {isa = PBXBuildFile; fileRef = 67EEB5E6290199FF00450770 /* Observable.swift */; };
		67EEB5EA2901A74800450770 /* MainViewModel.swift in Sources */ = {isa = PBXBuildFile; fileRef = 67EEB5E92901A74800450770 /* MainViewModel.swift */; };
/* End PBXBuildFile section */

/* Begin PBXFileReference section */
		6742BDC7290BED2300348276 /* MainCollectionViewCell.swift */ = {isa = PBXFileReference; lastKnownFileType = sourcecode.swift; path = MainCollectionViewCell.swift; sourceTree = "<group>"; };
		6742BDCE290D5CC400348276 /* RowDictionary.swift */ = {isa = PBXFileReference; lastKnownFileType = sourcecode.swift; path = RowDictionary.swift; sourceTree = "<group>"; };
		6742BDD1290D6A3B00348276 /* DetailViewController.swift */ = {isa = PBXFileReference; lastKnownFileType = sourcecode.swift; path = DetailViewController.swift; sourceTree = "<group>"; };
		6742BDD3290D6A7E00348276 /* DetailView.swift */ = {isa = PBXFileReference; lastKnownFileType = sourcecode.swift; path = DetailView.swift; sourceTree = "<group>"; };
		6742BDD5290D6BA800348276 /* StretchyTableHeaderView.swift */ = {isa = PBXFileReference; lastKnownFileType = sourcecode.swift; path = StretchyTableHeaderView.swift; sourceTree = "<group>"; };
		6742BDD8290D71F400348276 /* Transition+.swift */ = {isa = PBXFileReference; lastKnownFileType = sourcecode.swift; path = "Transition+.swift"; sourceTree = "<group>"; };
		6742BDDA290E889D00348276 /* DetailViewModel.swift */ = {isa = PBXFileReference; lastKnownFileType = sourcecode.swift; path = DetailViewModel.swift; sourceTree = "<group>"; };
		6742BDDC290E8AD100348276 /* SectionCookInfo.swift */ = {isa = PBXFileReference; lastKnownFileType = sourcecode.swift; path = SectionCookInfo.swift; sourceTree = "<group>"; };
		6742BDE6290EBC2B00348276 /* CookInfoCollectionViewCell.swift */ = {isa = PBXFileReference; lastKnownFileType = sourcecode.swift; path = CookInfoCollectionViewCell.swift; sourceTree = "<group>"; };
		6742BDEF290EDB3400348276 /* CookIngredientTableViewCell.swift */ = {isa = PBXFileReference; lastKnownFileType = sourcecode.swift; path = CookIngredientTableViewCell.swift; sourceTree = "<group>"; };
		6742BDF2290EDBE500348276 /* ReuesableProtocol.swift */ = {isa = PBXFileReference; lastKnownFileType = sourcecode.swift; path = ReuesableProtocol.swift; sourceTree = "<group>"; };
		6742BDF4290F353F00348276 /* RecipeTableViewCell.swift */ = {isa = PBXFileReference; lastKnownFileType = sourcecode.swift; path = RecipeTableViewCell.swift; sourceTree = "<group>"; };
		6742BE01290F82BE00348276 /* DetailTableViewSection.swift */ = {isa = PBXFileReference; lastKnownFileType = sourcecode.swift; path = DetailTableViewSection.swift; sourceTree = "<group>"; };
		67EEB5B72901403000450770 /* CookRecipe.app */ = {isa = PBXFileReference; explicitFileType = wrapper.application; includeInIndex = 0; path = CookRecipe.app; sourceTree = BUILT_PRODUCTS_DIR; };
		67EEB5BA2901403000450770 /* AppDelegate.swift */ = {isa = PBXFileReference; lastKnownFileType = sourcecode.swift; path = AppDelegate.swift; sourceTree = "<group>"; };
		67EEB5BC2901403000450770 /* SceneDelegate.swift */ = {isa = PBXFileReference; lastKnownFileType = sourcecode.swift; path = SceneDelegate.swift; sourceTree = "<group>"; };
		67EEB5C12901403000450770 /* Base */ = {isa = PBXFileReference; lastKnownFileType = file.storyboard; name = Base; path = Base.lproj/Main.storyboard; sourceTree = "<group>"; };
		67EEB5C32901403100450770 /* Assets.xcassets */ = {isa = PBXFileReference; lastKnownFileType = folder.assetcatalog; path = Assets.xcassets; sourceTree = "<group>"; };
		67EEB5C62901403100450770 /* Base */ = {isa = PBXFileReference; lastKnownFileType = file.storyboard; name = Base; path = Base.lproj/LaunchScreen.storyboard; sourceTree = "<group>"; };
		67EEB5C82901403100450770 /* Info.plist */ = {isa = PBXFileReference; lastKnownFileType = text.plist.xml; path = Info.plist; sourceTree = "<group>"; };
		67EEB5D1290142B500450770 /* MainViewController.swift */ = {isa = PBXFileReference; lastKnownFileType = sourcecode.swift; path = MainViewController.swift; sourceTree = "<group>"; };
		67EEB5D32901444900450770 /* MainView.swift */ = {isa = PBXFileReference; lastKnownFileType = sourcecode.swift; path = MainView.swift; sourceTree = "<group>"; };
		67EEB5DC29015A6B00450770 /* APIKey.swift */ = {isa = PBXFileReference; lastKnownFileType = sourcecode.swift; path = APIKey.swift; sourceTree = "<group>"; };
		67EEB5DE29017DE300450770 /* APIManager.swift */ = {isa = PBXFileReference; lastKnownFileType = sourcecode.swift; path = APIManager.swift; sourceTree = "<group>"; };
		67EEB5E029018E0200450770 /* APIError.swift */ = {isa = PBXFileReference; lastKnownFileType = sourcecode.swift; path = APIError.swift; sourceTree = "<group>"; };
		67EEB5E32901959600450770 /* CookRecipe.swift */ = {isa = PBXFileReference; lastKnownFileType = sourcecode.swift; path = CookRecipe.swift; sourceTree = "<group>"; };
		67EEB5E6290199FF00450770 /* Observable.swift */ = {isa = PBXFileReference; lastKnownFileType = sourcecode.swift; path = Observable.swift; sourceTree = "<group>"; };
		67EEB5E92901A74800450770 /* MainViewModel.swift */ = {isa = PBXFileReference; lastKnownFileType = sourcecode.swift; path = MainViewModel.swift; sourceTree = "<group>"; };
/* End PBXFileReference section */

/* Begin PBXFrameworksBuildPhase section */
		67EEB5B42901403000450770 /* Frameworks */ = {
			isa = PBXFrameworksBuildPhase;
			buildActionMask = 2147483647;
			files = (
				6742BDCB290BF67C00348276 /* Kingfisher in Frameworks */,
				6742BDE5290EBA0100348276 /* RxDataSources in Frameworks */,
				6742BDEE290ECCA500348276 /* RxSwift in Frameworks */,
				6742BDEC290ECCA500348276 /* RxCocoa in Frameworks */,
				67EEB5D72901446C00450770 /* SnapKit in Frameworks */,
			);
			runOnlyForDeploymentPostprocessing = 0;
		};
/* End PBXFrameworksBuildPhase section */

/* Begin PBXGroup section */
		6742BDCC290D0AE700348276 /* Common */ = {
			isa = PBXGroup;
			children = (
				6742BDF1290EDBCA00348276 /* Protocol */,
				6742BDD7290D71B900348276 /* Extension */,
				6742BDCD290D5C9A00348276 /* Enum */,
				67EEB5E6290199FF00450770 /* Observable.swift */,
			);
			path = Common;
			sourceTree = "<group>";
		};
		6742BDCD290D5C9A00348276 /* Enum */ = {
			isa = PBXGroup;
			children = (
				6742BDCE290D5CC400348276 /* RowDictionary.swift */,
				6742BE01290F82BE00348276 /* DetailTableViewSection.swift */,
			);
			path = Enum;
			sourceTree = "<group>";
		};
		6742BDD0290D6A2100348276 /* Detail */ = {
			isa = PBXGroup;
			children = (
				6742BDD1290D6A3B00348276 /* DetailViewController.swift */,
				6742BDDA290E889D00348276 /* DetailViewModel.swift */,
				6742BDD3290D6A7E00348276 /* DetailView.swift */,
				6742BDD5290D6BA800348276 /* StretchyTableHeaderView.swift */,
				6742BDE9290EC1E200348276 /* TableViewCell */,
			);
			path = Detail;
			sourceTree = "<group>";
		};
		6742BDD7290D71B900348276 /* Extension */ = {
			isa = PBXGroup;
			children = (
				6742BDD8290D71F400348276 /* Transition+.swift */,
			);
			path = Extension;
			sourceTree = "<group>";
		};
		6742BDE9290EC1E200348276 /* TableViewCell */ = {
			isa = PBXGroup;
			children = (
				6742BDE6290EBC2B00348276 /* CookInfoCollectionViewCell.swift */,
				6742BDEF290EDB3400348276 /* CookIngredientTableViewCell.swift */,
				6742BDF4290F353F00348276 /* RecipeTableViewCell.swift */,
			);
			path = TableViewCell;
			sourceTree = "<group>";
		};
		6742BDF1290EDBCA00348276 /* Protocol */ = {
			isa = PBXGroup;
			children = (
				6742BDF2290EDBE500348276 /* ReuesableProtocol.swift */,
			);
			path = Protocol;
			sourceTree = "<group>";
		};
		67EEB5AE2901403000450770 = {
			isa = PBXGroup;
			children = (
				67EEB5B92901403000450770 /* CookRecipe */,
				67EEB5B82901403000450770 /* Products */,
			);
			sourceTree = "<group>";
		};
		67EEB5B82901403000450770 /* Products */ = {
			isa = PBXGroup;
			children = (
				67EEB5B72901403000450770 /* CookRecipe.app */,
			);
			name = Products;
			sourceTree = "<group>";
		};
		67EEB5B92901403000450770 /* CookRecipe */ = {
			isa = PBXGroup;
			children = (
				6742BDCC290D0AE700348276 /* Common */,
				67EEB5E22901958000450770 /* Model */,
				67EEB5DB29015A5A00450770 /* API */,
				67EEB5D02901429900450770 /* Presentation */,
				67EEB5CF2901408200450770 /* Application */,
				67EEB5CE2901406800450770 /* Resouce */,
				67EEB5C82901403100450770 /* Info.plist */,
			);
			path = CookRecipe;
			sourceTree = "<group>";
		};
		67EEB5CE2901406800450770 /* Resouce */ = {
			isa = PBXGroup;
			children = (
				67EEB5C02901403000450770 /* Main.storyboard */,
				67EEB5C32901403100450770 /* Assets.xcassets */,
				67EEB5C52901403100450770 /* LaunchScreen.storyboard */,
			);
			path = Resouce;
			sourceTree = "<group>";
		};
		67EEB5CF2901408200450770 /* Application */ = {
			isa = PBXGroup;
			children = (
				67EEB5BA2901403000450770 /* AppDelegate.swift */,
				67EEB5BC2901403000450770 /* SceneDelegate.swift */,
			);
			path = Application;
			sourceTree = "<group>";
		};
		67EEB5D02901429900450770 /* Presentation */ = {
			isa = PBXGroup;
			children = (
				67EEB5E82901A73900450770 /* Main */,
				6742BDD0290D6A2100348276 /* Detail */,
			);
			path = Presentation;
			sourceTree = "<group>";
		};
		67EEB5DB29015A5A00450770 /* API */ = {
			isa = PBXGroup;
			children = (
				67EEB5DC29015A6B00450770 /* APIKey.swift */,
				67EEB5DE29017DE300450770 /* APIManager.swift */,
				67EEB5E029018E0200450770 /* APIError.swift */,
			);
			path = API;
			sourceTree = "<group>";
		};
		67EEB5E22901958000450770 /* Model */ = {
			isa = PBXGroup;
			children = (
				67EEB5E32901959600450770 /* CookRecipe.swift */,
				6742BDDC290E8AD100348276 /* SectionCookInfo.swift */,
			);
			path = Model;
			sourceTree = "<group>";
		};
		67EEB5E82901A73900450770 /* Main */ = {
			isa = PBXGroup;
			children = (
				67EEB5D1290142B500450770 /* MainViewController.swift */,
				67EEB5E92901A74800450770 /* MainViewModel.swift */,
				67EEB5D32901444900450770 /* MainView.swift */,
				6742BDC7290BED2300348276 /* MainCollectionViewCell.swift */,
			);
			path = Main;
			sourceTree = "<group>";
		};
/* End PBXGroup section */

/* Begin PBXNativeTarget section */
		67EEB5B62901403000450770 /* CookRecipe */ = {
			isa = PBXNativeTarget;
			buildConfigurationList = 67EEB5CB2901403100450770 /* Build configuration list for PBXNativeTarget "CookRecipe" */;
			buildPhases = (
				67EEB5B32901403000450770 /* Sources */,
				67EEB5B42901403000450770 /* Frameworks */,
				67EEB5B52901403000450770 /* Resources */,
			);
			buildRules = (
			);
			dependencies = (
			);
			name = CookRecipe;
			packageProductDependencies = (
				67EEB5D62901446C00450770 /* SnapKit */,
				6742BDCA290BF67C00348276 /* Kingfisher */,
				6742BDE4290EBA0100348276 /* RxDataSources */,
				6742BDEB290ECCA500348276 /* RxCocoa */,
				6742BDED290ECCA500348276 /* RxSwift */,
			);
			productName = CookRecipe;
			productReference = 67EEB5B72901403000450770 /* CookRecipe.app */;
			productType = "com.apple.product-type.application";
		};
/* End PBXNativeTarget section */

/* Begin PBXProject section */
		67EEB5AF2901403000450770 /* Project object */ = {
			isa = PBXProject;
			attributes = {
				BuildIndependentTargetsInParallel = 1;
				LastSwiftUpdateCheck = 1400;
				LastUpgradeCheck = 1400;
				TargetAttributes = {
					67EEB5B62901403000450770 = {
						CreatedOnToolsVersion = 14.0.1;
					};
				};
			};
			buildConfigurationList = 67EEB5B22901403000450770 /* Build configuration list for PBXProject "CookRecipe" */;
			compatibilityVersion = "Xcode 14.0";
			developmentRegion = en;
			hasScannedForEncodings = 0;
			knownRegions = (
				en,
				Base,
			);
			mainGroup = 67EEB5AE2901403000450770;
			packageReferences = (
				67EEB5D52901446C00450770 /* XCRemoteSwiftPackageReference "SnapKit" */,
				6742BDC9290BF67C00348276 /* XCRemoteSwiftPackageReference "Kingfisher" */,
				6742BDE3290EBA0100348276 /* XCRemoteSwiftPackageReference "RxDataSources" */,
				6742BDEA290ECCA500348276 /* XCRemoteSwiftPackageReference "RxSwift" */,
			);
			productRefGroup = 67EEB5B82901403000450770 /* Products */;
			projectDirPath = "";
			projectRoot = "";
			targets = (
				67EEB5B62901403000450770 /* CookRecipe */,
			);
		};
/* End PBXProject section */

/* Begin PBXResourcesBuildPhase section */
		67EEB5B52901403000450770 /* Resources */ = {
			isa = PBXResourcesBuildPhase;
			buildActionMask = 2147483647;
			files = (
				67EEB5C72901403100450770 /* LaunchScreen.storyboard in Resources */,
				67EEB5C42901403100450770 /* Assets.xcassets in Resources */,
				67EEB5C22901403000450770 /* Main.storyboard in Resources */,
			);
			runOnlyForDeploymentPostprocessing = 0;
		};
/* End PBXResourcesBuildPhase section */

/* Begin PBXSourcesBuildPhase section */
		67EEB5B32901403000450770 /* Sources */ = {
			isa = PBXSourcesBuildPhase;
			buildActionMask = 2147483647;
			files = (
				6742BDF3290EDBE500348276 /* ReuesableProtocol.swift in Sources */,
				6742BDE7290EBC2B00348276 /* CookInfoCollectionViewCell.swift in Sources */,
				6742BDDB290E889D00348276 /* DetailViewModel.swift in Sources */,
				6742BDF5290F353F00348276 /* RecipeTableViewCell.swift in Sources */,
				6742BDD2290D6A3B00348276 /* DetailViewController.swift in Sources */,
				67EEB5DF29017DE300450770 /* APIManager.swift in Sources */,
				6742BDF0290EDB3400348276 /* CookIngredientTableViewCell.swift in Sources */,
				6742BDDD290E8AD100348276 /* SectionCookInfo.swift in Sources */,
				6742BDD9290D71F400348276 /* Transition+.swift in Sources */,
				67EEB5D2290142B500450770 /* MainViewController.swift in Sources */,
				6742BE02290F82BE00348276 /* DetailTableViewSection.swift in Sources */,
				6742BDD4290D6A7F00348276 /* DetailView.swift in Sources */,
				67EEB5D42901444900450770 /* MainView.swift in Sources */,
				67EEB5BB2901403000450770 /* AppDelegate.swift in Sources */,
				6742BDD6290D6BA800348276 /* StretchyTableHeaderView.swift in Sources */,
				6742BDCF290D5CC400348276 /* RowDictionary.swift in Sources */,
				67EEB5E7290199FF00450770 /* Observable.swift in Sources */,
				67EEB5BD2901403000450770 /* SceneDelegate.swift in Sources */,
				67EEB5DD29015A6B00450770 /* APIKey.swift in Sources */,
				6742BDC8290BED2300348276 /* MainCollectionViewCell.swift in Sources */,
				67EEB5EA2901A74800450770 /* MainViewModel.swift in Sources */,
				67EEB5E129018E0200450770 /* APIError.swift in Sources */,
				67EEB5E42901959600450770 /* CookRecipe.swift in Sources */,
			);
			runOnlyForDeploymentPostprocessing = 0;
		};
/* End PBXSourcesBuildPhase section */

/* Begin PBXVariantGroup section */
		67EEB5C02901403000450770 /* Main.storyboard */ = {
			isa = PBXVariantGroup;
			children = (
				67EEB5C12901403000450770 /* Base */,
			);
			name = Main.storyboard;
			sourceTree = "<group>";
		};
		67EEB5C52901403100450770 /* LaunchScreen.storyboard */ = {
			isa = PBXVariantGroup;
			children = (
				67EEB5C62901403100450770 /* Base */,
			);
			name = LaunchScreen.storyboard;
			sourceTree = "<group>";
		};
/* End PBXVariantGroup section */

/* Begin XCBuildConfiguration section */
		67EEB5C92901403100450770 /* Debug */ = {
			isa = XCBuildConfiguration;
			buildSettings = {
				ALWAYS_SEARCH_USER_PATHS = NO;
				CLANG_ANALYZER_NONNULL = YES;
				CLANG_ANALYZER_NUMBER_OBJECT_CONVERSION = YES_AGGRESSIVE;
				CLANG_CXX_LANGUAGE_STANDARD = "gnu++20";
				CLANG_ENABLE_MODULES = YES;
				CLANG_ENABLE_OBJC_ARC = YES;
				CLANG_ENABLE_OBJC_WEAK = YES;
				CLANG_WARN_BLOCK_CAPTURE_AUTORELEASING = YES;
				CLANG_WARN_BOOL_CONVERSION = YES;
				CLANG_WARN_COMMA = YES;
				CLANG_WARN_CONSTANT_CONVERSION = YES;
				CLANG_WARN_DEPRECATED_OBJC_IMPLEMENTATIONS = YES;
				CLANG_WARN_DIRECT_OBJC_ISA_USAGE = YES_ERROR;
				CLANG_WARN_DOCUMENTATION_COMMENTS = YES;
				CLANG_WARN_EMPTY_BODY = YES;
				CLANG_WARN_ENUM_CONVERSION = YES;
				CLANG_WARN_INFINITE_RECURSION = YES;
				CLANG_WARN_INT_CONVERSION = YES;
				CLANG_WARN_NON_LITERAL_NULL_CONVERSION = YES;
				CLANG_WARN_OBJC_IMPLICIT_RETAIN_SELF = YES;
				CLANG_WARN_OBJC_LITERAL_CONVERSION = YES;
				CLANG_WARN_OBJC_ROOT_CLASS = YES_ERROR;
				CLANG_WARN_QUOTED_INCLUDE_IN_FRAMEWORK_HEADER = YES;
				CLANG_WARN_RANGE_LOOP_ANALYSIS = YES;
				CLANG_WARN_STRICT_PROTOTYPES = YES;
				CLANG_WARN_SUSPICIOUS_MOVE = YES;
				CLANG_WARN_UNGUARDED_AVAILABILITY = YES_AGGRESSIVE;
				CLANG_WARN_UNREACHABLE_CODE = YES;
				CLANG_WARN__DUPLICATE_METHOD_MATCH = YES;
				COPY_PHASE_STRIP = NO;
				DEBUG_INFORMATION_FORMAT = dwarf;
				ENABLE_STRICT_OBJC_MSGSEND = YES;
				ENABLE_TESTABILITY = YES;
				GCC_C_LANGUAGE_STANDARD = gnu11;
				GCC_DYNAMIC_NO_PIC = NO;
				GCC_NO_COMMON_BLOCKS = YES;
				GCC_OPTIMIZATION_LEVEL = 0;
				GCC_PREPROCESSOR_DEFINITIONS = (
					"DEBUG=1",
					"$(inherited)",
				);
				GCC_WARN_64_TO_32_BIT_CONVERSION = YES;
				GCC_WARN_ABOUT_RETURN_TYPE = YES_ERROR;
				GCC_WARN_UNDECLARED_SELECTOR = YES;
				GCC_WARN_UNINITIALIZED_AUTOS = YES_AGGRESSIVE;
				GCC_WARN_UNUSED_FUNCTION = YES;
				GCC_WARN_UNUSED_VARIABLE = YES;
				IPHONEOS_DEPLOYMENT_TARGET = 16.0;
				MTL_ENABLE_DEBUG_INFO = INCLUDE_SOURCE;
				MTL_FAST_MATH = YES;
				ONLY_ACTIVE_ARCH = YES;
				SDKROOT = iphoneos;
				SWIFT_ACTIVE_COMPILATION_CONDITIONS = DEBUG;
				SWIFT_OPTIMIZATION_LEVEL = "-Onone";
			};
			name = Debug;
		};
		67EEB5CA2901403100450770 /* Release */ = {
			isa = XCBuildConfiguration;
			buildSettings = {
				ALWAYS_SEARCH_USER_PATHS = NO;
				CLANG_ANALYZER_NONNULL = YES;
				CLANG_ANALYZER_NUMBER_OBJECT_CONVERSION = YES_AGGRESSIVE;
				CLANG_CXX_LANGUAGE_STANDARD = "gnu++20";
				CLANG_ENABLE_MODULES = YES;
				CLANG_ENABLE_OBJC_ARC = YES;
				CLANG_ENABLE_OBJC_WEAK = YES;
				CLANG_WARN_BLOCK_CAPTURE_AUTORELEASING = YES;
				CLANG_WARN_BOOL_CONVERSION = YES;
				CLANG_WARN_COMMA = YES;
				CLANG_WARN_CONSTANT_CONVERSION = YES;
				CLANG_WARN_DEPRECATED_OBJC_IMPLEMENTATIONS = YES;
				CLANG_WARN_DIRECT_OBJC_ISA_USAGE = YES_ERROR;
				CLANG_WARN_DOCUMENTATION_COMMENTS = YES;
				CLANG_WARN_EMPTY_BODY = YES;
				CLANG_WARN_ENUM_CONVERSION = YES;
				CLANG_WARN_INFINITE_RECURSION = YES;
				CLANG_WARN_INT_CONVERSION = YES;
				CLANG_WARN_NON_LITERAL_NULL_CONVERSION = YES;
				CLANG_WARN_OBJC_IMPLICIT_RETAIN_SELF = YES;
				CLANG_WARN_OBJC_LITERAL_CONVERSION = YES;
				CLANG_WARN_OBJC_ROOT_CLASS = YES_ERROR;
				CLANG_WARN_QUOTED_INCLUDE_IN_FRAMEWORK_HEADER = YES;
				CLANG_WARN_RANGE_LOOP_ANALYSIS = YES;
				CLANG_WARN_STRICT_PROTOTYPES = YES;
				CLANG_WARN_SUSPICIOUS_MOVE = YES;
				CLANG_WARN_UNGUARDED_AVAILABILITY = YES_AGGRESSIVE;
				CLANG_WARN_UNREACHABLE_CODE = YES;
				CLANG_WARN__DUPLICATE_METHOD_MATCH = YES;
				COPY_PHASE_STRIP = NO;
				DEBUG_INFORMATION_FORMAT = "dwarf-with-dsym";
				ENABLE_NS_ASSERTIONS = NO;
				ENABLE_STRICT_OBJC_MSGSEND = YES;
				GCC_C_LANGUAGE_STANDARD = gnu11;
				GCC_NO_COMMON_BLOCKS = YES;
				GCC_WARN_64_TO_32_BIT_CONVERSION = YES;
				GCC_WARN_ABOUT_RETURN_TYPE = YES_ERROR;
				GCC_WARN_UNDECLARED_SELECTOR = YES;
				GCC_WARN_UNINITIALIZED_AUTOS = YES_AGGRESSIVE;
				GCC_WARN_UNUSED_FUNCTION = YES;
				GCC_WARN_UNUSED_VARIABLE = YES;
				IPHONEOS_DEPLOYMENT_TARGET = 16.0;
				MTL_ENABLE_DEBUG_INFO = NO;
				MTL_FAST_MATH = YES;
				SDKROOT = iphoneos;
				SWIFT_COMPILATION_MODE = wholemodule;
				SWIFT_OPTIMIZATION_LEVEL = "-O";
				VALIDATE_PRODUCT = YES;
			};
			name = Release;
		};
		67EEB5CC2901403100450770 /* Debug */ = {
			isa = XCBuildConfiguration;
			buildSettings = {
				ASSETCATALOG_COMPILER_APPICON_NAME = AppIcon;
				ASSETCATALOG_COMPILER_GLOBAL_ACCENT_COLOR_NAME = AccentColor;
				CODE_SIGN_STYLE = Automatic;
				CURRENT_PROJECT_VERSION = 1;
				DEVELOPMENT_TEAM = XXJ2YB9QP5;
				GENERATE_INFOPLIST_FILE = YES;
				INFOPLIST_FILE = CookRecipe/Info.plist;
				INFOPLIST_KEY_UIApplicationSupportsIndirectInputEvents = YES;
				INFOPLIST_KEY_UILaunchStoryboardName = LaunchScreen;
				INFOPLIST_KEY_UIMainStoryboardFile = Main;
				INFOPLIST_KEY_UISupportedInterfaceOrientations_iPad = "UIInterfaceOrientationPortrait UIInterfaceOrientationPortraitUpsideDown UIInterfaceOrientationLandscapeLeft UIInterfaceOrientationLandscapeRight";
				INFOPLIST_KEY_UISupportedInterfaceOrientations_iPhone = "UIInterfaceOrientationPortrait UIInterfaceOrientationLandscapeLeft UIInterfaceOrientationLandscapeRight";
				LD_RUNPATH_SEARCH_PATHS = (
					"$(inherited)",
					"@executable_path/Frameworks",
				);
				MARKETING_VERSION = 1.0;
				PRODUCT_BUNDLE_IDENTIFIER = com.sesac.CookRecipe;
				PRODUCT_NAME = "$(TARGET_NAME)";
				SWIFT_EMIT_LOC_STRINGS = YES;
				SWIFT_VERSION = 5.0;
				TARGETED_DEVICE_FAMILY = "1,2";
			};
			name = Debug;
		};
		67EEB5CD2901403100450770 /* Release */ = {
			isa = XCBuildConfiguration;
			buildSettings = {
				ASSETCATALOG_COMPILER_APPICON_NAME = AppIcon;
				ASSETCATALOG_COMPILER_GLOBAL_ACCENT_COLOR_NAME = AccentColor;
				CODE_SIGN_STYLE = Automatic;
				CURRENT_PROJECT_VERSION = 1;
				DEVELOPMENT_TEAM = XXJ2YB9QP5;
				GENERATE_INFOPLIST_FILE = YES;
				INFOPLIST_FILE = CookRecipe/Info.plist;
				INFOPLIST_KEY_UIApplicationSupportsIndirectInputEvents = YES;
				INFOPLIST_KEY_UILaunchStoryboardName = LaunchScreen;
				INFOPLIST_KEY_UIMainStoryboardFile = Main;
				INFOPLIST_KEY_UISupportedInterfaceOrientations_iPad = "UIInterfaceOrientationPortrait UIInterfaceOrientationPortraitUpsideDown UIInterfaceOrientationLandscapeLeft UIInterfaceOrientationLandscapeRight";
				INFOPLIST_KEY_UISupportedInterfaceOrientations_iPhone = "UIInterfaceOrientationPortrait UIInterfaceOrientationLandscapeLeft UIInterfaceOrientationLandscapeRight";
				LD_RUNPATH_SEARCH_PATHS = (
					"$(inherited)",
					"@executable_path/Frameworks",
				);
				MARKETING_VERSION = 1.0;
				PRODUCT_BUNDLE_IDENTIFIER = com.sesac.CookRecipe;
				PRODUCT_NAME = "$(TARGET_NAME)";
				SWIFT_EMIT_LOC_STRINGS = YES;
				SWIFT_VERSION = 5.0;
				TARGETED_DEVICE_FAMILY = "1,2";
			};
			name = Release;
		};
/* End XCBuildConfiguration section */

/* Begin XCConfigurationList section */
		67EEB5B22901403000450770 /* Build configuration list for PBXProject "CookRecipe" */ = {
			isa = XCConfigurationList;
			buildConfigurations = (
				67EEB5C92901403100450770 /* Debug */,
				67EEB5CA2901403100450770 /* Release */,
			);
			defaultConfigurationIsVisible = 0;
			defaultConfigurationName = Release;
		};
		67EEB5CB2901403100450770 /* Build configuration list for PBXNativeTarget "CookRecipe" */ = {
			isa = XCConfigurationList;
			buildConfigurations = (
				67EEB5CC2901403100450770 /* Debug */,
				67EEB5CD2901403100450770 /* Release */,
			);
			defaultConfigurationIsVisible = 0;
			defaultConfigurationName = Release;
		};
/* End XCConfigurationList section */

/* Begin XCRemoteSwiftPackageReference section */
		6742BDC9290BF67C00348276 /* XCRemoteSwiftPackageReference "Kingfisher" */ = {
			isa = XCRemoteSwiftPackageReference;
			repositoryURL = "https://github.com/onevcat/Kingfisher.git";
			requirement = {
				kind = upToNextMajorVersion;
				minimumVersion = 7.0.0;
			};
		};
		6742BDE3290EBA0100348276 /* XCRemoteSwiftPackageReference "RxDataSources" */ = {
			isa = XCRemoteSwiftPackageReference;
			repositoryURL = "https://github.com/RxSwiftCommunity/RxDataSources.git";
			requirement = {
				kind = upToNextMajorVersion;
				minimumVersion = 5.0.0;
			};
		};
		6742BDEA290ECCA500348276 /* XCRemoteSwiftPackageReference "RxSwift" */ = {
			isa = XCRemoteSwiftPackageReference;
			repositoryURL = "https://github.com/ReactiveX/RxSwift.git";
			requirement = {
				kind = upToNextMajorVersion;
				minimumVersion = 6.0.0;
			};
		};
		67EEB5D52901446C00450770 /* XCRemoteSwiftPackageReference "SnapKit" */ = {
			isa = XCRemoteSwiftPackageReference;
			repositoryURL = "https://github.com/SnapKit/SnapKit.git";
			requirement = {
				kind = upToNextMajorVersion;
				minimumVersion = 5.0.0;
			};
		};
/* End XCRemoteSwiftPackageReference section */

/* Begin XCSwiftPackageProductDependency section */
		6742BDCA290BF67C00348276 /* Kingfisher */ = {
			isa = XCSwiftPackageProductDependency;
			package = 6742BDC9290BF67C00348276 /* XCRemoteSwiftPackageReference "Kingfisher" */;
			productName = Kingfisher;
		};
		6742BDE4290EBA0100348276 /* RxDataSources */ = {
			isa = XCSwiftPackageProductDependency;
			package = 6742BDE3290EBA0100348276 /* XCRemoteSwiftPackageReference "RxDataSources" */;
			productName = RxDataSources;
		};
		6742BDEB290ECCA500348276 /* RxCocoa */ = {
			isa = XCSwiftPackageProductDependency;
			package = 6742BDEA290ECCA500348276 /* XCRemoteSwiftPackageReference "RxSwift" */;
			productName = RxCocoa;
		};
		6742BDED290ECCA500348276 /* RxSwift */ = {
			isa = XCSwiftPackageProductDependency;
			package = 6742BDEA290ECCA500348276 /* XCRemoteSwiftPackageReference "RxSwift" */;
			productName = RxSwift;
		};
		67EEB5D62901446C00450770 /* SnapKit */ = {
			isa = XCSwiftPackageProductDependency;
			package = 67EEB5D52901446C00450770 /* XCRemoteSwiftPackageReference "SnapKit" */;
			productName = SnapKit;
		};
/* End XCSwiftPackageProductDependency section */
	};
	rootObject = 67EEB5AF2901403000450770 /* Project object */;
}
